
Microsoft Visual Studio Solution File, Format Version 12.00
# Visual Studio Version 16
VisualStudioVersion = 16.0.29509.3
MinimumVisualStudioVersion = 10.0.40219.1
Project("{FAE04EC0-301F-11D3-BF4B-00C04F79EFBC}") = "TryParse2", "TryParse2\TryParse2.csproj", "{A19AD15A-AA5A-4192-B64E-C606AA4C4E12}"
EndProject
Project("{FAE04EC0-301F-11D3-BF4B-00C04F79EFBC}") = "ClassLibrary", "ClassLibrary\ClassLibrary.csproj", "{A8D6E896-7372-4DC1-B334-6A617516D33C}"
EndProject
Global
	GlobalSection(SolutionConfigurationPlatforms) = preSolution
		Debug|Any CPU = Debug|Any CPU
		Release|Any CPU = Release|Any CPU
	EndGlobalSection
	GlobalSection(ProjectConfigurationPlatforms) = postSolution
		{A19AD15A-AA5A-4192-B64E-C606AA4C4E12}.Debug|Any CPU.ActiveCfg = Debug|Any CPU
		{A19AD15A-AA5A-4192-B64E-C606AA4C4E12}.Debug|Any CPU.Build.0 = Debug|Any CPU
		{A19AD15A-AA5A-4192-B64E-C606AA4C4E12}.Release|Any CPU.ActiveCfg = Release|Any CPU
		{A19AD15A-AA5A-4192-B64E-C606AA4C4E12}.Release|Any CPU.Build.0 = Release|Any CPU
		{A8D6E896-7372-4DC1-B334-6A617516D33C}.Debug|Any CPU.ActiveCfg = Debug|Any CPU
		{A8D6E896-7372-4DC1-B334-6A617516D33C}.Debug|Any CPU.Build.0 = Debug|Any CPU
		{A8D6E896-7372-4DC1-B334-6A617516D33C}.Release|Any CPU.ActiveCfg = Release|Any CPU
		{A8D6E896-7372-4DC1-B334-6A617516D33C}.Release|Any CPU.Build.0 = Release|Any CPU
	EndGlobalSection
	GlobalSection(SolutionProperties) = preSolution
		HideSolutionNode = FALSE
	EndGlobalSection
	GlobalSection(ExtensibilityGlobals) = postSolution
		SolutionGuid = {7E710831-4B02-405D-94B0-EFC8A677D152}
	EndGlobalSection
EndGlobal
